
Microsoft Visual Studio Solution File, Format Version 12.00
# Visual Studio Version 17
VisualStudioVersion = 17.7.34018.315
MinimumVisualStudioVersion = 10.0.40219.1
Project("{FAE04EC0-301F-11D3-BF4B-00C04F79EFBC}") = "Roms Renamer - Truncater", "Roms Renamer - Truncater\Roms Renamer - Truncater.csproj", "{3F7A2E95-29AD-4F5C-9A4D-C3136C4FE2E0}"
EndProject
Global
	GlobalSection(SolutionConfigurationPlatforms) = preSolution
		Debug|Any CPU = Debug|Any CPU
		Release|Any CPU = Release|Any CPU
	EndGlobalSection
	GlobalSection(ProjectConfigurationPlatforms) = postSolution
		{3F7A2E95-29AD-4F5C-9A4D-C3136C4FE2E0}.Debug|Any CPU.ActiveCfg = Debug|Any CPU
		{3F7A2E95-29AD-4F5C-9A4D-C3136C4FE2E0}.Debug|Any CPU.Build.0 = Debug|Any CPU
		{3F7A2E95-29AD-4F5C-9A4D-C3136C4FE2E0}.Release|Any CPU.ActiveCfg = Release|Any CPU
		{3F7A2E95-29AD-4F5C-9A4D-C3136C4FE2E0}.Release|Any CPU.Build.0 = Release|Any CPU
	EndGlobalSection
	GlobalSection(SolutionProperties) = preSolution
		HideSolutionNode = FALSE
	EndGlobalSection
	GlobalSection(ExtensibilityGlobals) = postSolution
		SolutionGuid = {05FAC1DC-E30E-415E-A6B4-D4809EF93418}
	EndGlobalSection
EndGlobal
